// !$*UTF8*$!
{
	archiveVersion = 1;
	classes = {
	};
	objectVersion = 50;
	objects = {

/* Begin PBXBuildFile section */
		C813BFAD240D92B100712076 /* AppDelegate.swift in Sources */ = {isa = PBXBuildFile; fileRef = C813BFAC240D92B100712076 /* AppDelegate.swift */; };
		C813BFAF240D92B100712076 /* SceneDelegate.swift in Sources */ = {isa = PBXBuildFile; fileRef = C813BFAE240D92B100712076 /* SceneDelegate.swift */; };
		C813BFB1240D92B100712076 /* ViewController.swift in Sources */ = {isa = PBXBuildFile; fileRef = C813BFB0240D92B100712076 /* ViewController.swift */; };
		C813BFB4240D92B100712076 /* Main.storyboard in Resources */ = {isa = PBXBuildFile; fileRef = C813BFB2240D92B100712076 /* Main.storyboard */; };
		C813BFB6240D92B200712076 /* Assets.xcassets in Resources */ = {isa = PBXBuildFile; fileRef = C813BFB5240D92B200712076 /* Assets.xcassets */; };
		C813BFB9240D92B200712076 /* LaunchScreen.storyboard in Resources */ = {isa = PBXBuildFile; fileRef = C813BFB7240D92B200712076 /* LaunchScreen.storyboard */; };
		C813BFC3240D954800712076 /* PersonCell.swift in Sources */ = {isa = PBXBuildFile; fileRef = C813BFC2240D954800712076 /* PersonCell.swift */; };
/* End PBXBuildFile section */

/* Begin PBXFileReference section */
		C813BFA9240D92B100712076 /* Names to Faces.app */ = {isa = PBXFileReference; explicitFileType = wrapper.application; includeInIndex = 0; path = "Names to Faces.app"; sourceTree = BUILT_PRODUCTS_DIR; };
		C813BFAC240D92B100712076 /* AppDelegate.swift */ = {isa = PBXFileReference; lastKnownFileType = sourcecode.swift; path = AppDelegate.swift; sourceTree = "<group>"; };
		C813BFAE240D92B100712076 /* SceneDelegate.swift */ = {isa = PBXFileReference; lastKnownFileType = sourcecode.swift; path = SceneDelegate.swift; sourceTree = "<group>"; };
		C813BFB0240D92B100712076 /* ViewController.swift */ = {isa = PBXFileReference; lastKnownFileType = sourcecode.swift; path = ViewController.swift; sourceTree = "<group>"; };
		C813BFB3240D92B100712076 /* Base */ = {isa = PBXFileReference; lastKnownFileType = file.storyboard; name = Base; path = Base.lproj/Main.storyboard; sourceTree = "<group>"; };
		C813BFB5240D92B200712076 /* Assets.xcassets */ = {isa = PBXFileReference; lastKnownFileType = folder.assetcatalog; path = Assets.xcassets; sourceTree = "<group>"; };
		C813BFB8240D92B200712076 /* Base */ = {isa = PBXFileReference; lastKnownFileType = file.storyboard; name = Base; path = Base.lproj/LaunchScreen.storyboard; sourceTree = "<group>"; };
		C813BFBA240D92B200712076 /* Info.plist */ = {isa = PBXFileReference; lastKnownFileType = text.plist.xml; path = Info.plist; sourceTree = "<group>"; };
		C813BFC2240D954800712076 /* PersonCell.swift */ = {isa = PBXFileReference; lastKnownFileType = sourcecode.swift; path = PersonCell.swift; sourceTree = "<group>"; };
/* End PBXFileReference section */

/* Begin PBXFrameworksBuildPhase section */
		C813BFA6240D92B100712076 /* Frameworks */ = {
			isa = PBXFrameworksBuildPhase;
			buildActionMask = 2147483647;
			files = (
			);
			runOnlyForDeploymentPostprocessing = 0;
		};
/* End PBXFrameworksBuildPhase section */

/* Begin PBXGroup section */
		C813BFA0240D92B100712076 = {
			isa = PBXGroup;
			children = (
				C813BFC2240D954800712076 /* PersonCell.swift */,
				C813BFAB240D92B100712076 /* Names to Faces */,
				C813BFAA240D92B100712076 /* Products */,
			);
			sourceTree = "<group>";
		};
		C813BFAA240D92B100712076 /* Products */ = {
			isa = PBXGroup;
			children = (
				C813BFA9240D92B100712076 /* Names to Faces.app */,
			);
			name = Products;
			sourceTree = "<group>";
		};
		C813BFAB240D92B100712076 /* Names to Faces */ = {
			isa = PBXGroup;
			children = (
				C813BFAC240D92B100712076 /* AppDelegate.swift */,
				C813BFAE240D92B100712076 /* SceneDelegate.swift */,
				C813BFB0240D92B100712076 /* ViewController.swift */,
				C813BFB2240D92B100712076 /* Main.storyboard */,
				C813BFB5240D92B200712076 /* Assets.xcassets */,
				C813BFB7240D92B200712076 /* LaunchScreen.storyboard */,
				C813BFBA240D92B200712076 /* Info.plist */,
			);
			path = "Names to Faces";
			sourceTree = "<group>";
		};
/* End PBXGroup section */

/* Begin PBXNativeTarget section */
		C813BFA8240D92B100712076 /* Names to Faces */ = {
			isa = PBXNativeTarget;
			buildConfigurationList = C813BFBD240D92B200712076 /* Build configuration list for PBXNativeTarget "Names to Faces" */;
			buildPhases = (
				C813BFA5240D92B100712076 /* Sources */,
				C813BFA6240D92B100712076 /* Frameworks */,
				C813BFA7240D92B100712076 /* Resources */,
			);
			buildRules = (
			);
			dependencies = (
			);
			name = "Names to Faces";
			productName = "Names to Faces";
			productReference = C813BFA9240D92B100712076 /* Names to Faces.app */;
			productType = "com.apple.product-type.application";
		};
/* End PBXNativeTarget section */

/* Begin PBXProject section */
		C813BFA1240D92B100712076 /* Project object */ = {
			isa = PBXProject;
			attributes = {
				LastSwiftUpdateCheck = 1130;
				LastUpgradeCheck = 1130;
				ORGANIZATIONNAME = "Boris Nikolaev Borisov";
				TargetAttributes = {
					C813BFA8240D92B100712076 = {
						CreatedOnToolsVersion = 11.3.1;
					};
				};
			};
			buildConfigurationList = C813BFA4240D92B100712076 /* Build configuration list for PBXProject "Names to Faces" */;
			compatibilityVersion = "Xcode 9.3";
			developmentRegion = en;
			hasScannedForEncodings = 0;
			knownRegions = (
				en,
				Base,
			);
			mainGroup = C813BFA0240D92B100712076;
			productRefGroup = C813BFAA240D92B100712076 /* Products */;
			projectDirPath = "";
			projectRoot = "";
			targets = (
				C813BFA8240D92B100712076 /* Names to Faces */,
			);
		};
/* End PBXProject section */

/* Begin PBXResourcesBuildPhase section */
		C813BFA7240D92B100712076 /* Resources */ = {
			isa = PBXResourcesBuildPhase;
			buildActionMask = 2147483647;
			files = (
				C813BFB9240D92B200712076 /* LaunchScreen.storyboard in Resources */,
				C813BFB6240D92B200712076 /* Assets.xcassets in Resources */,
				C813BFB4240D92B100712076 /* Main.storyboard in Resources */,
			);
			runOnlyForDeploymentPostprocessing = 0;
		};
/* End PBXResourcesBuildPhase section */

/* Begin PBXSourcesBuildPhase section */
		C813BFA5240D92B100712076 /* Sources */ = {
			isa = PBXSourcesBuildPhase;
			buildActionMask = 2147483647;
			files = (
				C813BFB1240D92B100712076 /* ViewController.swift in Sources */,
				C813BFAD240D92B100712076 /* AppDelegate.swift in Sources */,
				C813BFC3240D954800712076 /* PersonCell.swift in Sources */,
				C813BFAF240D92B100712076 /* SceneDelegate.swift in Sources */,
			);
			runOnlyForDeploymentPostprocessing = 0;
		};
/* End PBXSourcesBuildPhase section */

/* Begin PBXVariantGroup section */
		C813BFB2240D92B100712076 /* Main.storyboard */ = {
			isa = PBXVariantGroup;
			children = (
				C813BFB3240D92B100712076 /* Base */,
			);
			name = Main.storyboard;
			sourceTree = "<group>";
		};
		C813BFB7240D92B200712076 /* LaunchScreen.storyboard */ = {
			isa = PBXVariantGroup;
			children = (
				C813BFB8240D92B200712076 /* Base */,
			);
			name = LaunchScreen.storyboard;
			sourceTree = "<group>";
		};
/* End PBXVariantGroup section */

/* Begin XCBuildConfiguration section */
		C813BFBB240D92B200712076 /* Debug */ = {
			isa = XCBuildConfiguration;
			buildSettings = {
				ALWAYS_SEARCH_USER_PATHS = NO;
				CLANG_ANALYZER_NONNULL = YES;
				CLANG_ANALYZER_NUMBER_OBJECT_CONVERSION = YES_AGGRESSIVE;
				CLANG_CXX_LANGUAGE_STANDARD = "gnu++14";
				CLANG_CXX_LIBRARY = "libc++";
				CLANG_ENABLE_MODULES = YES;
				CLANG_ENABLE_OBJC_ARC = YES;
				CLANG_ENABLE_OBJC_WEAK = YES;
				CLANG_WARN_BLOCK_CAPTURE_AUTORELEASING = YES;
				CLANG_WARN_BOOL_CONVERSION = YES;
				CLANG_WARN_COMMA = YES;
				CLANG_WARN_CONSTANT_CONVERSION = YES;
				CLANG_WARN_DEPRECATED_OBJC_IMPLEMENTATIONS = YES;
				CLANG_WARN_DIRECT_OBJC_ISA_USAGE = YES_ERROR;
				CLANG_WARN_DOCUMENTATION_COMMENTS = YES;
				CLANG_WARN_EMPTY_BODY = YES;
				CLANG_WARN_ENUM_CONVERSION = YES;
				CLANG_WARN_INFINITE_RECURSION = YES;
				CLANG_WARN_INT_CONVERSION = YES;
				CLANG_WARN_NON_LITERAL_NULL_CONVERSION = YES;
				CLANG_WARN_OBJC_IMPLICIT_RETAIN_SELF = YES;
				CLANG_WARN_OBJC_LITERAL_CONVERSION = YES;
				CLANG_WARN_OBJC_ROOT_CLASS = YES_ERROR;
				CLANG_WARN_RANGE_LOOP_ANALYSIS = YES;
				CLANG_WARN_STRICT_PROTOTYPES = YES;
				CLANG_WARN_SUSPICIOUS_MOVE = YES;
				CLANG_WARN_UNGUARDED_AVAILABILITY = YES_AGGRESSIVE;
				CLANG_WARN_UNREACHABLE_CODE = YES;
				CLANG_WARN__DUPLICATE_METHOD_MATCH = YES;
				COPY_PHASE_STRIP = NO;
				DEBUG_INFORMATION_FORMAT = dwarf;
				ENABLE_STRICT_OBJC_MSGSEND = YES;
				ENABLE_TESTABILITY = YES;
				GCC_C_LANGUAGE_STANDARD = gnu11;
				GCC_DYNAMIC_NO_PIC = NO;
				GCC_NO_COMMON_BLOCKS = YES;
				GCC_OPTIMIZATION_LEVEL = 0;
				GCC_PREPROCESSOR_DEFINITIONS = (
					"DEBUG=1",
					"$(inherited)",
				);
				GCC_WARN_64_TO_32_BIT_CONVERSION = YES;
				GCC_WARN_ABOUT_RETURN_TYPE = YES_ERROR;
				GCC_WARN_UNDECLARED_SELECTOR = YES;
				GCC_WARN_UNINITIALIZED_AUTOS = YES_AGGRESSIVE;
				GCC_WARN_UNUSED_FUNCTION = YES;
				GCC_WARN_UNUSED_VARIABLE = YES;
				IPHONEOS_DEPLOYMENT_TARGET = 13.2;
				MTL_ENABLE_DEBUG_INFO = INCLUDE_SOURCE;
				MTL_FAST_MATH = YES;
				ONLY_ACTIVE_ARCH = YES;
				SDKROOT = iphoneos;
				SWIFT_ACTIVE_COMPILATION_CONDITIONS = DEBUG;
				SWIFT_OPTIMIZATION_LEVEL = "-Onone";
			};
			name = Debug;
		};
		C813BFBC240D92B200712076 /* Release */ = {
			isa = XCBuildConfiguration;
			buildSettings = {
				ALWAYS_SEARCH_USER_PATHS = NO;
				CLANG_ANALYZER_NONNULL = YES;
				CLANG_ANALYZER_NUMBER_OBJECT_CONVERSION = YES_AGGRESSIVE;
				CLANG_CXX_LANGUAGE_STANDARD = "gnu++14";
				CLANG_CXX_LIBRARY = "libc++";
				CLANG_ENABLE_MODULES = YES;
				CLANG_ENABLE_OBJC_ARC = YES;
				CLANG_ENABLE_OBJC_WEAK = YES;
				CLANG_WARN_BLOCK_CAPTURE_AUTORELEASING = YES;
				CLANG_WARN_BOOL_CONVERSION = YES;
				CLANG_WARN_COMMA = YES;
				CLANG_WARN_CONSTANT_CONVERSION = YES;
				CLANG_WARN_DEPRECATED_OBJC_IMPLEMENTATIONS = YES;
				CLANG_WARN_DIRECT_OBJC_ISA_USAGE = YES_ERROR;
				CLANG_WARN_DOCUMENTATION_COMMENTS = YES;
				CLANG_WARN_EMPTY_BODY = YES;
				CLANG_WARN_ENUM_CONVERSION = YES;
				CLANG_WARN_INFINITE_RECURSION = YES;
				CLANG_WARN_INT_CONVERSION = YES;
				CLANG_WARN_NON_LITERAL_NULL_CONVERSION = YES;
				CLANG_WARN_OBJC_IMPLICIT_RETAIN_SELF = YES;
				CLANG_WARN_OBJC_LITERAL_CONVERSION = YES;
				CLANG_WARN_OBJC_ROOT_CLASS = YES_ERROR;
				CLANG_WARN_RANGE_LOOP_ANALYSIS = YES;
				CLANG_WARN_STRICT_PROTOTYPES = YES;
				CLANG_WARN_SUSPICIOUS_MOVE = YES;
				CLANG_WARN_UNGUARDED_AVAILABILITY = YES_AGGRESSIVE;
				CLANG_WARN_UNREACHABLE_CODE = YES;
				CLANG_WARN__DUPLICATE_METHOD_MATCH = YES;
				COPY_PHASE_STRIP = NO;
				DEBUG_INFORMATION_FORMAT = "dwarf-with-dsym";
				ENABLE_NS_ASSERTIONS = NO;
				ENABLE_STRICT_OBJC_MSGSEND = YES;
				GCC_C_LANGUAGE_STANDARD = gnu11;
				GCC_NO_COMMON_BLOCKS = YES;
				GCC_WARN_64_TO_32_BIT_CONVERSION = YES;
				GCC_WARN_ABOUT_RETURN_TYPE = YES_ERROR;
				GCC_WARN_UNDECLARED_SELECTOR = YES;
				GCC_WARN_UNINITIALIZED_AUTOS = YES_AGGRESSIVE;
				GCC_WARN_UNUSED_FUNCTION = YES;
				GCC_WARN_UNUSED_VARIABLE = YES;
				IPHONEOS_DEPLOYMENT_TARGET = 13.2;
				MTL_ENABLE_DEBUG_INFO = NO;
				MTL_FAST_MATH = YES;
				SDKROOT = iphoneos;
				SWIFT_COMPILATION_MODE = wholemodule;
				SWIFT_OPTIMIZATION_LEVEL = "-O";
				VALIDATE_PRODUCT = YES;
			};
			name = Release;
		};
		C813BFBE240D92B200712076 /* Debug */ = {
			isa = XCBuildConfiguration;
			buildSettings = {
				ASSETCATALOG_COMPILER_APPICON_NAME = AppIcon;
				CODE_SIGN_STYLE = Automatic;
				DEVELOPMENT_TEAM = KR2G3B3P7G;
				INFOPLIST_FILE = "Names to Faces/Info.plist";
				LD_RUNPATH_SEARCH_PATHS = (
					"$(inherited)",
					"@executable_path/Frameworks",
				);
				PRODUCT_BUNDLE_IDENTIFIER = "com.borisnk.Names-to-Faces";
				PRODUCT_NAME = "$(TARGET_NAME)";
				SWIFT_VERSION = 5.0;
				TARGETED_DEVICE_FAMILY = "1,2";
			};
			name = Debug;
		};
		C813BFBF240D92B200712076 /* Release */ = {
			isa = XCBuildConfiguration;
			buildSettings = {
				ASSETCATALOG_COMPILER_APPICON_NAME = AppIcon;
				CODE_SIGN_STYLE = Automatic;
				DEVELOPMENT_TEAM = KR2G3B3P7G;
				INFOPLIST_FILE = "Names to Faces/Info.plist";
				LD_RUNPATH_SEARCH_PATHS = (
					"$(inherited)",
					"@executable_path/Frameworks",
				);
				PRODUCT_BUNDLE_IDENTIFIER = "com.borisnk.Names-to-Faces";
				PRODUCT_NAME = "$(TARGET_NAME)";
				SWIFT_VERSION = 5.0;
				TARGETED_DEVICE_FAMILY = "1,2";
			};
			name = Release;
		};
/* End XCBuildConfiguration section */

/* Begin XCConfigurationList section */
		C813BFA4240D92B100712076 /* Build configuration list for PBXProject "Names to Faces" */ = {
			isa = XCConfigurationList;
			buildConfigurations = (
				C813BFBB240D92B200712076 /* Debug */,
				C813BFBC240D92B200712076 /* Release */,
			);
			defaultConfigurationIsVisible = 0;
			defaultConfigurationName = Release;
		};
		C813BFBD240D92B200712076 /* Build configuration list for PBXNativeTarget "Names to Faces" */ = {
			isa = XCConfigurationList;
			buildConfigurations = (
				C813BFBE240D92B200712076 /* Debug */,
				C813BFBF240D92B200712076 /* Release */,
			);
			defaultConfigurationIsVisible = 0;
			defaultConfigurationName = Release;
		};
/* End XCConfigurationList section */
	};
	rootObject = C813BFA1240D92B100712076 /* Project object */;
}
